
Microsoft Visual Studio Solution File, Format Version 12.00
# Visual Studio Version 17
VisualStudioVersion = 17.9.34607.119
MinimumVisualStudioVersion = 10.0.40219.1
Project("{FAE04EC0-301F-11D3-BF4B-00C04F79EFBC}") = "ProNatur-Biomarkt GmbH", "ProNatur-Biomarkt GmbH\ProNatur-Biomarkt GmbH.csproj", "{5F26E3C2-7D5E-4CF2-AF96-DE4D83C4FD7F}"
EndProject
Global
	GlobalSection(SolutionConfigurationPlatforms) = preSolution
		Debug|Any CPU = Debug|Any CPU
		Release|Any CPU = Release|Any CPU
	EndGlobalSection
	GlobalSection(ProjectConfigurationPlatforms) = postSolution
		{5F26E3C2-7D5E-4CF2-AF96-DE4D83C4FD7F}.Debug|Any CPU.ActiveCfg = Debug|Any CPU
		{5F26E3C2-7D5E-4CF2-AF96-DE4D83C4FD7F}.Debug|Any CPU.Build.0 = Debug|Any CPU
		{5F26E3C2-7D5E-4CF2-AF96-DE4D83C4FD7F}.Release|Any CPU.ActiveCfg = Release|Any CPU
		{5F26E3C2-7D5E-4CF2-AF96-DE4D83C4FD7F}.Release|Any CPU.Build.0 = Release|Any CPU
	EndGlobalSection
	GlobalSection(SolutionProperties) = preSolution
		HideSolutionNode = FALSE
	EndGlobalSection
	GlobalSection(ExtensibilityGlobals) = postSolution
		SolutionGuid = {39991C44-2DA1-4E4F-BB49-381E67EE23D6}
	EndGlobalSection
EndGlobal
